{
  "name": "auto-sdk-tools",
  "version": "1.40.0",
  "lockfileVersion": 3,
  "requires": true,
  "packages": {
    "": {
      "name": "auto-sdk-tools",
      "version": "1.40.0",
      "bin": {
        "auto-sdk": "tools/auto-sdk.mjs"
      },
      "engines": {
        "node": ">=22"
      }
    }
  }
}
